
Microsoft Visual Studio Solution File, Format Version 12.00
# Visual Studio Version 17
VisualStudioVersion = 17.9.34701.34
MinimumVisualStudioVersion = 10.0.40219.1
Project("{FAE04EC0-301F-11D3-BF4B-00C04F79EFBC}") = "Projekat", "Projekat\Projekat.csproj", "{A54BF8A1-4B4A-42E6-AD34-BE585F719711}"
EndProject
Global
	GlobalSection(SolutionConfigurationPlatforms) = preSolution
		Debug|Any CPU = Debug|Any CPU
		Release|Any CPU = Release|Any CPU
	EndGlobalSection
	GlobalSection(ProjectConfigurationPlatforms) = postSolution
		{A54BF8A1-4B4A-42E6-AD34-BE585F719711}.Debug|Any CPU.ActiveCfg = Debug|Any CPU
		{A54BF8A1-4B4A-42E6-AD34-BE585F719711}.Debug|Any CPU.Build.0 = Debug|Any CPU
		{A54BF8A1-4B4A-42E6-AD34-BE585F719711}.Release|Any CPU.ActiveCfg = Release|Any CPU
		{A54BF8A1-4B4A-42E6-AD34-BE585F719711}.Release|Any CPU.Build.0 = Release|Any CPU
	EndGlobalSection
	GlobalSection(SolutionProperties) = preSolution
		HideSolutionNode = FALSE
	EndGlobalSection
	GlobalSection(ExtensibilityGlobals) = postSolution
		SolutionGuid = {E15832B6-FFDC-49D9-8C9E-128187BA164E}
	EndGlobalSection
EndGlobal
